
Microsoft Visual Studio Solution File, Format Version 12.00
# Visual Studio Version 17
VisualStudioVersion = 17.14.36717.8 d17.14
MinimumVisualStudioVersion = 10.0.40219.1
Project("{FAE04EC0-301F-11D3-BF4B-00C04F79EFBC}") = "DelegatePractice", "DelegatePractice\DelegatePractice.csproj", "{D313F1A2-669B-4413-AF20-D319A47C9606}"
EndProject
Global
	GlobalSection(SolutionConfigurationPlatforms) = preSolution
		Debug|Any CPU = Debug|Any CPU
		Release|Any CPU = Release|Any CPU
	EndGlobalSection
	GlobalSection(ProjectConfigurationPlatforms) = postSolution
		{D313F1A2-669B-4413-AF20-D319A47C9606}.Debug|Any CPU.ActiveCfg = Debug|Any CPU
		{D313F1A2-669B-4413-AF20-D319A47C9606}.Debug|Any CPU.Build.0 = Debug|Any CPU
		{D313F1A2-669B-4413-AF20-D319A47C9606}.Release|Any CPU.ActiveCfg = Release|Any CPU
		{D313F1A2-669B-4413-AF20-D319A47C9606}.Release|Any CPU.Build.0 = Release|Any CPU
	EndGlobalSection
	GlobalSection(SolutionProperties) = preSolution
		HideSolutionNode = FALSE
	EndGlobalSection
	GlobalSection(ExtensibilityGlobals) = postSolution
		SolutionGuid = {C050479E-9778-49FC-B55A-550AF6803EA4}
	EndGlobalSection
EndGlobal
