
Microsoft Visual Studio Solution File, Format Version 12.00
# Visual Studio Version 17
VisualStudioVersion = 17.14.36717.8 d17.14
MinimumVisualStudioVersion = 10.0.40219.1
Project("{FAE04EC0-301F-11D3-BF4B-00C04F79EFBC}") = "wige1205", "wige1205\wige1205.csproj", "{AFDBD0E8-7150-46B4-AC2D-63A87F5A662F}"
EndProject
Global
	GlobalSection(SolutionConfigurationPlatforms) = preSolution
		Debug|Any CPU = Debug|Any CPU
		Release|Any CPU = Release|Any CPU
	EndGlobalSection
	GlobalSection(ProjectConfigurationPlatforms) = postSolution
		{AFDBD0E8-7150-46B4-AC2D-63A87F5A662F}.Debug|Any CPU.ActiveCfg = Debug|Any CPU
		{AFDBD0E8-7150-46B4-AC2D-63A87F5A662F}.Debug|Any CPU.Build.0 = Debug|Any CPU
		{AFDBD0E8-7150-46B4-AC2D-63A87F5A662F}.Release|Any CPU.ActiveCfg = Release|Any CPU
		{AFDBD0E8-7150-46B4-AC2D-63A87F5A662F}.Release|Any CPU.Build.0 = Release|Any CPU
	EndGlobalSection
	GlobalSection(SolutionProperties) = preSolution
		HideSolutionNode = FALSE
	EndGlobalSection
	GlobalSection(ExtensibilityGlobals) = postSolution
		SolutionGuid = {DE4CF220-4143-4640-9F5E-1F4E4E246033}
	EndGlobalSection
EndGlobal
