
Microsoft Visual Studio Solution File, Format Version 12.00
# Visual Studio Version 17
VisualStudioVersion = 17.14.36717.8 d17.14
MinimumVisualStudioVersion = 10.0.40219.1
Project("{FAE04EC0-301F-11D3-BF4B-00C04F79EFBC}") = "MyList", "MyList\MyList.csproj", "{EC81F706-2BBC-4C99-B002-2727E369664C}"
EndProject
Global
	GlobalSection(SolutionConfigurationPlatforms) = preSolution
		Debug|Any CPU = Debug|Any CPU
		Release|Any CPU = Release|Any CPU
	EndGlobalSection
	GlobalSection(ProjectConfigurationPlatforms) = postSolution
		{EC81F706-2BBC-4C99-B002-2727E369664C}.Debug|Any CPU.ActiveCfg = Debug|Any CPU
		{EC81F706-2BBC-4C99-B002-2727E369664C}.Debug|Any CPU.Build.0 = Debug|Any CPU
		{EC81F706-2BBC-4C99-B002-2727E369664C}.Release|Any CPU.ActiveCfg = Release|Any CPU
		{EC81F706-2BBC-4C99-B002-2727E369664C}.Release|Any CPU.Build.0 = Release|Any CPU
	EndGlobalSection
	GlobalSection(SolutionProperties) = preSolution
		HideSolutionNode = FALSE
	EndGlobalSection
	GlobalSection(ExtensibilityGlobals) = postSolution
		SolutionGuid = {6A6B5942-1C47-46E0-B4B2-53BB5B6AF38C}
	EndGlobalSection
EndGlobal
